// !$*UTF8*$!
{
	archiveVersion = 1;
	classes = {
	};
	objectVersion = 48;
	objects = {

/* Begin PBXBuildFile section */
		2FD9B5F81F5AAC970087AA1A /* AppDelegate.swift in Sources */ = {isa = PBXBuildFile; fileRef = 2FD9B5F71F5AAC970087AA1A /* AppDelegate.swift */; };
		2FD9B5FA1F5AAC970087AA1A /* art.scnassets in Resources */ = {isa = PBXBuildFile; fileRef = 2FD9B5F91F5AAC970087AA1A /* art.scnassets */; };
		2FD9B5FC1F5AAC970087AA1A /* ViewController.swift in Sources */ = {isa = PBXBuildFile; fileRef = 2FD9B5FB1F5AAC970087AA1A /* ViewController.swift */; };
		2FD9B5FF1F5AAC970087AA1A /* Main.storyboard in Resources */ = {isa = PBXBuildFile; fileRef = 2FD9B5FD1F5AAC970087AA1A /* Main.storyboard */; };
		2FD9B6011F5AAC970087AA1A /* Assets.xcassets in Resources */ = {isa = PBXBuildFile; fileRef = 2FD9B6001F5AAC970087AA1A /* Assets.xcassets */; };
		2FD9B6041F5AAC970087AA1A /* LaunchScreen.storyboard in Resources */ = {isa = PBXBuildFile; fileRef = 2FD9B6021F5AAC970087AA1A /* LaunchScreen.storyboard */; };
/* End PBXBuildFile section */

/* Begin PBXFileReference section */
		2FD9B5F41F5AAC970087AA1A /* ARecipe.app */ = {isa = PBXFileReference; explicitFileType = wrapper.application; includeInIndex = 0; path = ARecipe.app; sourceTree = BUILT_PRODUCTS_DIR; };
		2FD9B5F71F5AAC970087AA1A /* AppDelegate.swift */ = {isa = PBXFileReference; lastKnownFileType = sourcecode.swift; path = AppDelegate.swift; sourceTree = "<group>"; };
		2FD9B5F91F5AAC970087AA1A /* art.scnassets */ = {isa = PBXFileReference; lastKnownFileType = wrapper.scnassets; path = art.scnassets; sourceTree = "<group>"; };
		2FD9B5FB1F5AAC970087AA1A /* ViewController.swift */ = {isa = PBXFileReference; lastKnownFileType = sourcecode.swift; path = ViewController.swift; sourceTree = "<group>"; };
		2FD9B5FE1F5AAC970087AA1A /* Base */ = {isa = PBXFileReference; lastKnownFileType = file.storyboard; name = Base; path = Base.lproj/Main.storyboard; sourceTree = "<group>"; };
		2FD9B6001F5AAC970087AA1A /* Assets.xcassets */ = {isa = PBXFileReference; lastKnownFileType = folder.assetcatalog; path = Assets.xcassets; sourceTree = "<group>"; };
		2FD9B6031F5AAC970087AA1A /* Base */ = {isa = PBXFileReference; lastKnownFileType = file.storyboard; name = Base; path = Base.lproj/LaunchScreen.storyboard; sourceTree = "<group>"; };
		2FD9B6051F5AAC970087AA1A /* Info.plist */ = {isa = PBXFileReference; lastKnownFileType = text.plist.xml; path = Info.plist; sourceTree = "<group>"; };
/* End PBXFileReference section */

/* Begin PBXFrameworksBuildPhase section */
		2FD9B5F11F5AAC970087AA1A /* Frameworks */ = {
			isa = PBXFrameworksBuildPhase;
			buildActionMask = 2147483647;
			files = (
			);
			runOnlyForDeploymentPostprocessing = 0;
		};
/* End PBXFrameworksBuildPhase section */

/* Begin PBXGroup section */
		2FD9B5EB1F5AAC970087AA1A = {
			isa = PBXGroup;
			children = (
				2FD9B5F61F5AAC970087AA1A /* ARecipe */,
				2FD9B5F51F5AAC970087AA1A /* Products */,
			);
			sourceTree = "<group>";
		};
		2FD9B5F51F5AAC970087AA1A /* Products */ = {
			isa = PBXGroup;
			children = (
				2FD9B5F41F5AAC970087AA1A /* ARecipe.app */,
			);
			name = Products;
			sourceTree = "<group>";
		};
		2FD9B5F61F5AAC970087AA1A /* ARecipe */ = {
			isa = PBXGroup;
			children = (
				2FD9B5F71F5AAC970087AA1A /* AppDelegate.swift */,
				2FD9B5F91F5AAC970087AA1A /* art.scnassets */,
				2FD9B5FB1F5AAC970087AA1A /* ViewController.swift */,
				2FD9B5FD1F5AAC970087AA1A /* Main.storyboard */,
				2FD9B6001F5AAC970087AA1A /* Assets.xcassets */,
				2FD9B6021F5AAC970087AA1A /* LaunchScreen.storyboard */,
				2FD9B6051F5AAC970087AA1A /* Info.plist */,
			);
			path = ARecipe;
			sourceTree = "<group>";
		};
/* End PBXGroup section */

/* Begin PBXNativeTarget section */
		2FD9B5F31F5AAC970087AA1A /* ARecipe */ = {
			isa = PBXNativeTarget;
			buildConfigurationList = 2FD9B6081F5AAC970087AA1A /* Build configuration list for PBXNativeTarget "ARecipe" */;
			buildPhases = (
				2FD9B5F01F5AAC970087AA1A /* Sources */,
				2FD9B5F11F5AAC970087AA1A /* Frameworks */,
				2FD9B5F21F5AAC970087AA1A /* Resources */,
			);
			buildRules = (
			);
			dependencies = (
			);
			name = ARecipe;
			productName = ARecipe;
			productReference = 2FD9B5F41F5AAC970087AA1A /* ARecipe.app */;
			productType = "com.apple.product-type.application";
		};
/* End PBXNativeTarget section */

/* Begin PBXProject section */
		2FD9B5EC1F5AAC970087AA1A /* Project object */ = {
			isa = PBXProject;
			attributes = {
				LastSwiftUpdateCheck = 0900;
				LastUpgradeCheck = 0900;
				ORGANIZATIONNAME = "Heewoo Nam";
				TargetAttributes = {
					2FD9B5F31F5AAC970087AA1A = {
						CreatedOnToolsVersion = 9.0;
						ProvisioningStyle = Automatic;
					};
				};
			};
			buildConfigurationList = 2FD9B5EF1F5AAC970087AA1A /* Build configuration list for PBXProject "ARecipe" */;
			compatibilityVersion = "Xcode 8.0";
			developmentRegion = en;
			hasScannedForEncodings = 0;
			knownRegions = (
				en,
				Base,
			);
			mainGroup = 2FD9B5EB1F5AAC970087AA1A;
			productRefGroup = 2FD9B5F51F5AAC970087AA1A /* Products */;
			projectDirPath = "";
			projectRoot = "";
			targets = (
				2FD9B5F31F5AAC970087AA1A /* ARecipe */,
			);
		};
/* End PBXProject section */

/* Begin PBXResourcesBuildPhase section */
		2FD9B5F21F5AAC970087AA1A /* Resources */ = {
			isa = PBXResourcesBuildPhase;
			buildActionMask = 2147483647;
			files = (
				2FD9B5FA1F5AAC970087AA1A /* art.scnassets in Resources */,
				2FD9B6041F5AAC970087AA1A /* LaunchScreen.storyboard in Resources */,
				2FD9B6011F5AAC970087AA1A /* Assets.xcassets in Resources */,
				2FD9B5FF1F5AAC970087AA1A /* Main.storyboard in Resources */,
			);
			runOnlyForDeploymentPostprocessing = 0;
		};
/* End PBXResourcesBuildPhase section */

/* Begin PBXSourcesBuildPhase section */
		2FD9B5F01F5AAC970087AA1A /* Sources */ = {
			isa = PBXSourcesBuildPhase;
			buildActionMask = 2147483647;
			files = (
				2FD9B5FC1F5AAC970087AA1A /* ViewController.swift in Sources */,
				2FD9B5F81F5AAC970087AA1A /* AppDelegate.swift in Sources */,
			);
			runOnlyForDeploymentPostprocessing = 0;
		};
/* End PBXSourcesBuildPhase section */

/* Begin PBXVariantGroup section */
		2FD9B5FD1F5AAC970087AA1A /* Main.storyboard */ = {
			isa = PBXVariantGroup;
			children = (
				2FD9B5FE1F5AAC970087AA1A /* Base */,
			);
			name = Main.storyboard;
			sourceTree = "<group>";
		};
		2FD9B6021F5AAC970087AA1A /* LaunchScreen.storyboard */ = {
			isa = PBXVariantGroup;
			children = (
				2FD9B6031F5AAC970087AA1A /* Base */,
			);
			name = LaunchScreen.storyboard;
			sourceTree = "<group>";
		};
/* End PBXVariantGroup section */

/* Begin XCBuildConfiguration section */
		2FD9B6061F5AAC970087AA1A /* Debug */ = {
			isa = XCBuildConfiguration;
			buildSettings = {
				ALWAYS_SEARCH_USER_PATHS = NO;
				CLANG_ANALYZER_NONNULL = YES;
				CLANG_ANALYZER_NUMBER_OBJECT_CONVERSION = YES_AGGRESSIVE;
				CLANG_CXX_LANGUAGE_STANDARD = "gnu++14";
				CLANG_CXX_LIBRARY = "libc++";
				CLANG_ENABLE_MODULES = YES;
				CLANG_ENABLE_OBJC_ARC = YES;
				CLANG_WARN_BLOCK_CAPTURE_AUTORELEASING = YES;
				CLANG_WARN_BOOL_CONVERSION = YES;
				CLANG_WARN_COMMA = YES;
				CLANG_WARN_CONSTANT_CONVERSION = YES;
				CLANG_WARN_DIRECT_OBJC_ISA_USAGE = YES_ERROR;
				CLANG_WARN_DOCUMENTATION_COMMENTS = YES;
				CLANG_WARN_EMPTY_BODY = YES;
				CLANG_WARN_ENUM_CONVERSION = YES;
				CLANG_WARN_INFINITE_RECURSION = YES;
				CLANG_WARN_INT_CONVERSION = YES;
				CLANG_WARN_NON_LITERAL_NULL_CONVERSION = YES;
				CLANG_WARN_OBJC_LITERAL_CONVERSION = YES;
				CLANG_WARN_OBJC_ROOT_CLASS = YES_ERROR;
				CLANG_WARN_RANGE_LOOP_ANALYSIS = YES;
				CLANG_WARN_STRICT_PROTOTYPES = YES;
				CLANG_WARN_SUSPICIOUS_MOVE = YES;
				CLANG_WARN_UNGUARDED_AVAILABILITY = YES_AGGRESSIVE;
				CLANG_WARN_UNREACHABLE_CODE = YES;
				CLANG_WARN__DUPLICATE_METHOD_MATCH = YES;
				CODE_SIGN_IDENTITY = "iPhone Developer";
				COPY_PHASE_STRIP = NO;
				DEBUG_INFORMATION_FORMAT = dwarf;
				ENABLE_STRICT_OBJC_MSGSEND = YES;
				ENABLE_TESTABILITY = YES;
				GCC_C_LANGUAGE_STANDARD = gnu11;
				GCC_DYNAMIC_NO_PIC = NO;
				GCC_NO_COMMON_BLOCKS = YES;
				GCC_OPTIMIZATION_LEVEL = 0;
				GCC_PREPROCESSOR_DEFINITIONS = (
					"DEBUG=1",
					"$(inherited)",
				);
				GCC_WARN_64_TO_32_BIT_CONVERSION = YES;
				GCC_WARN_ABOUT_RETURN_TYPE = YES_ERROR;
				GCC_WARN_UNDECLARED_SELECTOR = YES;
				GCC_WARN_UNINITIALIZED_AUTOS = YES_AGGRESSIVE;
				GCC_WARN_UNUSED_FUNCTION = YES;
				GCC_WARN_UNUSED_VARIABLE = YES;
				IPHONEOS_DEPLOYMENT_TARGET = 11.0;
				MTL_ENABLE_DEBUG_INFO = YES;
				ONLY_ACTIVE_ARCH = YES;
				SDKROOT = iphoneos;
				SWIFT_ACTIVE_COMPILATION_CONDITIONS = DEBUG;
				SWIFT_OPTIMIZATION_LEVEL = "-Onone";
			};
			name = Debug;
		};
		2FD9B6071F5AAC970087AA1A /* Release */ = {
			isa = XCBuildConfiguration;
			buildSettings = {
				ALWAYS_SEARCH_USER_PATHS = NO;
				CLANG_ANALYZER_NONNULL = YES;
				CLANG_ANALYZER_NUMBER_OBJECT_CONVERSION = YES_AGGRESSIVE;
				CLANG_CXX_LANGUAGE_STANDARD = "gnu++14";
				CLANG_CXX_LIBRARY = "libc++";
				CLANG_ENABLE_MODULES = YES;
				CLANG_ENABLE_OBJC_ARC = YES;
				CLANG_WARN_BLOCK_CAPTURE_AUTORELEASING = YES;
				CLANG_WARN_BOOL_CONVERSION = YES;
				CLANG_WARN_COMMA = YES;
				CLANG_WARN_CONSTANT_CONVERSION = YES;
				CLANG_WARN_DIRECT_OBJC_ISA_USAGE = YES_ERROR;
				CLANG_WARN_DOCUMENTATION_COMMENTS = YES;
				CLANG_WARN_EMPTY_BODY = YES;
				CLANG_WARN_ENUM_CONVERSION = YES;
				CLANG_WARN_INFINITE_RECURSION = YES;
				CLANG_WARN_INT_CONVERSION = YES;
				CLANG_WARN_NON_LITERAL_NULL_CONVERSION = YES;
				CLANG_WARN_OBJC_LITERAL_CONVERSION = YES;
				CLANG_WARN_OBJC_ROOT_CLASS = YES_ERROR;
				CLANG_WARN_RANGE_LOOP_ANALYSIS = YES;
				CLANG_WARN_STRICT_PROTOTYPES = YES;
				CLANG_WARN_SUSPICIOUS_MOVE = YES;
				CLANG_WARN_UNGUARDED_AVAILABILITY = YES_AGGRESSIVE;
				CLANG_WARN_UNREACHABLE_CODE = YES;
				CLANG_WARN__DUPLICATE_METHOD_MATCH = YES;
				CODE_SIGN_IDENTITY = "iPhone Developer";
				COPY_PHASE_STRIP = NO;
				DEBUG_INFORMATION_FORMAT = "dwarf-with-dsym";
				ENABLE_NS_ASSERTIONS = NO;
				ENABLE_STRICT_OBJC_MSGSEND = YES;
				GCC_C_LANGUAGE_STANDARD = gnu11;
				GCC_NO_COMMON_BLOCKS = YES;
				GCC_WARN_64_TO_32_BIT_CONVERSION = YES;
				GCC_WARN_ABOUT_RETURN_TYPE = YES_ERROR;
				GCC_WARN_UNDECLARED_SELECTOR = YES;
				GCC_WARN_UNINITIALIZED_AUTOS = YES_AGGRESSIVE;
				GCC_WARN_UNUSED_FUNCTION = YES;
				GCC_WARN_UNUSED_VARIABLE = YES;
				IPHONEOS_DEPLOYMENT_TARGET = 11.0;
				MTL_ENABLE_DEBUG_INFO = NO;
				SDKROOT = iphoneos;
				SWIFT_OPTIMIZATION_LEVEL = "-Owholemodule";
				VALIDATE_PRODUCT = YES;
			};
			name = Release;
		};
		2FD9B6091F5AAC970087AA1A /* Debug */ = {
			isa = XCBuildConfiguration;
			buildSettings = {
				ASSETCATALOG_COMPILER_APPICON_NAME = AppIcon;
				CODE_SIGN_STYLE = Automatic;
				DEVELOPMENT_TEAM = 9Y7CXV3PD4;
				INFOPLIST_FILE = ARecipe/Info.plist;
				LD_RUNPATH_SEARCH_PATHS = "$(inherited) @executable_path/Frameworks";
				PRODUCT_BUNDLE_IDENTIFIER = heewoo.ARecipe;
				PRODUCT_NAME = "$(TARGET_NAME)";
				SWIFT_VERSION = 4.0;
				TARGETED_DEVICE_FAMILY = "1,2";
			};
			name = Debug;
		};
		2FD9B60A1F5AAC970087AA1A /* Release */ = {
			isa = XCBuildConfiguration;
			buildSettings = {
				ASSETCATALOG_COMPILER_APPICON_NAME = AppIcon;
				CODE_SIGN_STYLE = Automatic;
				DEVELOPMENT_TEAM = 9Y7CXV3PD4;
				INFOPLIST_FILE = ARecipe/Info.plist;
				LD_RUNPATH_SEARCH_PATHS = "$(inherited) @executable_path/Frameworks";
				PRODUCT_BUNDLE_IDENTIFIER = heewoo.ARecipe;
				PRODUCT_NAME = "$(TARGET_NAME)";
				SWIFT_VERSION = 4.0;
				TARGETED_DEVICE_FAMILY = "1,2";
			};
			name = Release;
		};
/* End XCBuildConfiguration section */

/* Begin XCConfigurationList section */
		2FD9B5EF1F5AAC970087AA1A /* Build configuration list for PBXProject "ARecipe" */ = {
			isa = XCConfigurationList;
			buildConfigurations = (
				2FD9B6061F5AAC970087AA1A /* Debug */,
				2FD9B6071F5AAC970087AA1A /* Release */,
			);
			defaultConfigurationIsVisible = 0;
			defaultConfigurationName = Release;
		};
		2FD9B6081F5AAC970087AA1A /* Build configuration list for PBXNativeTarget "ARecipe" */ = {
			isa = XCConfigurationList;
			buildConfigurations = (
				2FD9B6091F5AAC970087AA1A /* Debug */,
				2FD9B60A1F5AAC970087AA1A /* Release */,
			);
			defaultConfigurationIsVisible = 0;
			defaultConfigurationName = Release;
		};
/* End XCConfigurationList section */
	};
	rootObject = 2FD9B5EC1F5AAC970087AA1A /* Project object */;
}
